speakeasyVersion: 1.508.1
sources:
    Documenso v2 beta API:
        sourceNamespace: documenso-v-2-beta-api
        sourceRevisionDigest: sha256:7d5df6a4aba69631947cd228824854b6b8f1f0bc1e61419c6d01d943f810e06d
        sourceBlobDigest: sha256:a9d84ab61ed56583016eb21341515120cdddacb5ebd5dba87a3ab6771436a1e2
        tags:
            - latest
            - speakeasy-sdk-regen-1738455725
            - 0.0.0
targets:
    documenso:
        source: Documenso v2 beta API
        sourceNamespace: documenso-v-2-beta-api
        sourceRevisionDigest: sha256:7d5df6a4aba69631947cd228824854b6b8f1f0bc1e61419c6d01d943f810e06d
        sourceBlobDigest: sha256:a9d84ab61ed56583016eb21341515120cdddacb5ebd5dba87a3ab6771436a1e2
        codeSamplesNamespace: documenso-v-2-beta-api-typescript-code-samples
        codeSamplesRevisionDigest: sha256:8ef42d59f974713d7bcbfb739b63ab488dfb1d4e7ac6cc1f44592fac2957da98
workflow:
    workflowVersion: 1.0.0
    speakeasyVersion: latest
    sources:
        Documenso v2 beta API:
            inputs:
                - location: https://app.documenso.com/api/v2-beta/openapi.json
            overlays:
                - location: .speakeasy/speakeasy-modifications-overlay.yaml
            registry:
                location: registry.speakeasyapi.dev/documenso-inc/api/documenso-v-2-beta-api
    targets:
        documenso:
            target: typescript
            source: Documenso v2 beta API
            publish:
                npm:
                    token: $npm_token
            codeSamples:
                registry:
                    location: registry.speakeasyapi.dev/documenso-inc/api/documenso-v-2-beta-api-typescript-code-samples
                labelOverride:
                    fixedValue: Typescript (SDK)
                blocking: false
